
Microsoft Visual Studio Solution File, Format Version 12.00
# Visual Studio Version 16
VisualStudioVersion = 16.0.28729.10
MinimumVisualStudioVersion = 10.0.40219.1
Project("{FAE04EC0-301F-11D3-BF4B-00C04F79EFBC}") = "AlquilerVideo", "AlquilerVideo\AlquilerVideo.csproj", "{626FAFC5-3A1C-4EB6-B703-62E4D20F0596}"
EndProject
Global
	GlobalSection(SolutionConfigurationPlatforms) = preSolution
		Debug|Any CPU = Debug|Any CPU
		Release|Any CPU = Release|Any CPU
	EndGlobalSection
	GlobalSection(ProjectConfigurationPlatforms) = postSolution
		{626FAFC5-3A1C-4EB6-B703-62E4D20F0596}.Debug|Any CPU.ActiveCfg = Debug|Any CPU
		{626FAFC5-3A1C-4EB6-B703-62E4D20F0596}.Debug|Any CPU.Build.0 = Debug|Any CPU
		{626FAFC5-3A1C-4EB6-B703-62E4D20F0596}.Release|Any CPU.ActiveCfg = Release|Any CPU
		{626FAFC5-3A1C-4EB6-B703-62E4D20F0596}.Release|Any CPU.Build.0 = Release|Any CPU
	EndGlobalSection
	GlobalSection(SolutionProperties) = preSolution
		HideSolutionNode = FALSE
	EndGlobalSection
	GlobalSection(ExtensibilityGlobals) = postSolution
		SolutionGuid = {B7FC2395-31F8-488D-AD10-1EA00F9A800F}
	EndGlobalSection
EndGlobal
